
Microsoft Visual Studio Solution File, Format Version 12.00
# Visual Studio Version 16
VisualStudioVersion = 16.0.33027.164
MinimumVisualStudioVersion = 10.0.40219.1
Project("{FAE04EC0-301F-11D3-BF4B-00C04F79EFBC}") = "反射", "反射.csproj", "{50893DB3-F352-45FD-BC76-8182740CD001}"
EndProject
Global
	GlobalSection(SolutionConfigurationPlatforms) = preSolution
		Debug|Any CPU = Debug|Any CPU
		Release|Any CPU = Release|Any CPU
	EndGlobalSection
	GlobalSection(ProjectConfigurationPlatforms) = postSolution
		{50893DB3-F352-45FD-BC76-8182740CD001}.Debug|Any CPU.ActiveCfg = Debug|Any CPU
		{50893DB3-F352-45FD-BC76-8182740CD001}.Debug|Any CPU.Build.0 = Debug|Any CPU
		{50893DB3-F352-45FD-BC76-8182740CD001}.Release|Any CPU.ActiveCfg = Release|Any CPU
		{50893DB3-F352-45FD-BC76-8182740CD001}.Release|Any CPU.Build.0 = Release|Any CPU
	EndGlobalSection
	GlobalSection(SolutionProperties) = preSolution
		HideSolutionNode = FALSE
	EndGlobalSection
	GlobalSection(ExtensibilityGlobals) = postSolution
		SolutionGuid = {58235EFE-976E-4BD1-9FD1-4EBB7361C183}
	EndGlobalSection
EndGlobal
